
Microsoft Visual Studio Solution File, Format Version 12.00
# Visual Studio Version 16
VisualStudioVersion = 16.0.32228.343
MinimumVisualStudioVersion = 10.0.40219.1
Project("{8BC9CEB8-8B4A-11D0-8D11-00A0C91BC942}") = "CardGame", "CardGame\CardGame.vcxproj", "{75940CFD-FDC0-41CF-B9A0-0110E9309657}"
EndProject
Global
	GlobalSection(SolutionConfigurationPlatforms) = preSolution
		Debug|x64 = Debug|x64
		Debug|x86 = Debug|x86
		Release|x64 = Release|x64
		Release|x86 = Release|x86
	EndGlobalSection
	GlobalSection(ProjectConfigurationPlatforms) = postSolution
		{75940CFD-FDC0-41CF-B9A0-0110E9309657}.Debug|x64.ActiveCfg = Debug|x64
		{75940CFD-FDC0-41CF-B9A0-0110E9309657}.Debug|x64.Build.0 = Debug|x64
		{75940CFD-FDC0-41CF-B9A0-0110E9309657}.Debug|x86.ActiveCfg = Debug|Win32
		{75940CFD-FDC0-41CF-B9A0-0110E9309657}.Debug|x86.Build.0 = Debug|Win32
		{75940CFD-FDC0-41CF-B9A0-0110E9309657}.Release|x64.ActiveCfg = Release|x64
		{75940CFD-FDC0-41CF-B9A0-0110E9309657}.Release|x64.Build.0 = Release|x64
		{75940CFD-FDC0-41CF-B9A0-0110E9309657}.Release|x86.ActiveCfg = Release|Win32
		{75940CFD-FDC0-41CF-B9A0-0110E9309657}.Release|x86.Build.0 = Release|Win32
	EndGlobalSection
	GlobalSection(SolutionProperties) = preSolution
		HideSolutionNode = FALSE
	EndGlobalSection
	GlobalSection(ExtensibilityGlobals) = postSolution
		SolutionGuid = {C410E578-3A51-4C26-8E7F-E0C80946525A}
	EndGlobalSection
EndGlobal
